
Microsoft Visual Studio Solution File, Format Version 12.00
# Visual Studio 2013
VisualStudioVersion = 12.0.31101.0
MinimumVisualStudioVersion = 10.0.40219.1
Project("{FAE04EC0-301F-11D3-BF4B-00C04F79EFBC}") = "WebhookProxyService(Server)", "WebhookProxyService(Server)\WebhookProxyService(Server).csproj", "{C52765CE-8784-4AE7-8D4C-84E6F978895A}"
EndProject
Project("{FAE04EC0-301F-11D3-BF4B-00C04F79EFBC}") = "WebhookProxyService(Client)", "WebhookProxyService(Client)\WebhookProxyService(Client).csproj", "{67E7FD1B-6ECE-4D12-9896-FF709138B654}"
EndProject
Global
	GlobalSection(SolutionConfigurationPlatforms) = preSolution
		Debug|Any CPU = Debug|Any CPU
		Release|Any CPU = Release|Any CPU
	EndGlobalSection
	GlobalSection(ProjectConfigurationPlatforms) = postSolution
		{C52765CE-8784-4AE7-8D4C-84E6F978895A}.Debug|Any CPU.ActiveCfg = Debug|Any CPU
		{C52765CE-8784-4AE7-8D4C-84E6F978895A}.Debug|Any CPU.Build.0 = Debug|Any CPU
		{C52765CE-8784-4AE7-8D4C-84E6F978895A}.Release|Any CPU.ActiveCfg = Release|Any CPU
		{C52765CE-8784-4AE7-8D4C-84E6F978895A}.Release|Any CPU.Build.0 = Release|Any CPU
		{67E7FD1B-6ECE-4D12-9896-FF709138B654}.Debug|Any CPU.ActiveCfg = Debug|Any CPU
		{67E7FD1B-6ECE-4D12-9896-FF709138B654}.Debug|Any CPU.Build.0 = Debug|Any CPU
		{67E7FD1B-6ECE-4D12-9896-FF709138B654}.Release|Any CPU.ActiveCfg = Release|Any CPU
		{67E7FD1B-6ECE-4D12-9896-FF709138B654}.Release|Any CPU.Build.0 = Release|Any CPU
	EndGlobalSection
	GlobalSection(SolutionProperties) = preSolution
		HideSolutionNode = FALSE
	EndGlobalSection
EndGlobal
